Microsoft Visual Studio Solution File, Format Version 12.00
Project("{2150E333-8FDC-42A3-9474-1A3956D46DE8}") = "repo", "repo", "{AC1CE2EB-72D2-480C-889B-C4940CBC5578}"
	ProjectSection(SolutionItems) = preProject
		paket.dependencies = paket.dependencies
		LICENSE = LICENSE
		README.md = README.md
	EndProjectSection
EndProject
Project("{F2A71F9B-5D33-465A-A702-920D77279786}") = "GitHubStars.Shared", "src\GitHubStars.Shared\GitHubStars.Shared.fsproj", "{1BC0C538-C979-4F53-AE78-01857D7AB278}"
EndProject
Project("{F2A71F9B-5D33-465A-A702-920D77279786}") = "GitHubStars.Backend", "src\GitHubStars.Backend\GitHubStars.Backend.fsproj", "{F0614EE9-3564-4DC0-ACDE-1D7E22270FBE}"
EndProject
Project("{F2A71F9B-5D33-465A-A702-920D77279786}") = "GitHubStars.Backend.Tests", "test\GitHubStars.Backend.Tests\GitHubStars.Backend.Tests.fsproj", "{98007844-226F-4CE7-B801-EB230B350087}"
EndProject
Global
	GlobalSection(SolutionConfigurationPlatforms) = preSolution
		Debug|Any CPU = Debug|Any CPU
		Release|Any CPU = Release|Any CPU
	EndGlobalSection
	GlobalSection(ProjectConfigurationPlatforms) = postSolution
		{1BC0C538-C979-4F53-AE78-01857D7AB278}.Debug|Any CPU.ActiveCfg = Debug|Any CPU
		{1BC0C538-C979-4F53-AE78-01857D7AB278}.Debug|Any CPU.Build.0 = Debug|Any CPU
		{1BC0C538-C979-4F53-AE78-01857D7AB278}.Release|Any CPU.ActiveCfg = Release|Any CPU
		{1BC0C538-C979-4F53-AE78-01857D7AB278}.Release|Any CPU.Build.0 = Release|Any CPU
		{F0614EE9-3564-4DC0-ACDE-1D7E22270FBE}.Debug|Any CPU.ActiveCfg = Debug|Any CPU
		{F0614EE9-3564-4DC0-ACDE-1D7E22270FBE}.Debug|Any CPU.Build.0 = Debug|Any CPU
		{F0614EE9-3564-4DC0-ACDE-1D7E22270FBE}.Release|Any CPU.ActiveCfg = Release|Any CPU
		{F0614EE9-3564-4DC0-ACDE-1D7E22270FBE}.Release|Any CPU.Build.0 = Release|Any CPU
		{98007844-226F-4CE7-B801-EB230B350087}.Debug|Any CPU.ActiveCfg = Debug|Any CPU
		{98007844-226F-4CE7-B801-EB230B350087}.Debug|Any CPU.Build.0 = Debug|Any CPU
		{98007844-226F-4CE7-B801-EB230B350087}.Release|Any CPU.ActiveCfg = Release|Any CPU
		{98007844-226F-4CE7-B801-EB230B350087}.Release|Any CPU.Build.0 = Release|Any CPU
	EndGlobalSection
	GlobalSection(NestedProjects) = preSolution
		{1BC0C538-C979-4F53-AE78-01857D7AB278} = {74A00DAC-A1C6-400D-8181-30373D536EB9}
	EndGlobalSection
EndGlobal
